
Microsoft Visual Studio Solution File, Format Version 12.00
# Visual Studio Version 17
VisualStudioVersion = 17.14.36414.22 d17.14
MinimumVisualStudioVersion = 10.0.40219.1
Project("{FAE04EC0-301F-11D3-BF4B-00C04F79EFBC}") = "ClaculLib", "ClaculLib\ClaculLib.csproj", "{52595595-ECEB-4B43-8EDF-978631AC5F30}"
EndProject
Project("{FAE04EC0-301F-11D3-BF4B-00C04F79EFBC}") = "TestCalc", "TestCalc\TestCalc.csproj", "{EF4AF3BD-532B-4BE0-9287-16428F97A2CF}"
EndProject
Global
	GlobalSection(SolutionConfigurationPlatforms) = preSolution
		Debug|Any CPU = Debug|Any CPU
		Release|Any CPU = Release|Any CPU
	EndGlobalSection
	GlobalSection(ProjectConfigurationPlatforms) = postSolution
		{52595595-ECEB-4B43-8EDF-978631AC5F30}.Debug|Any CPU.ActiveCfg = Debug|Any CPU
		{52595595-ECEB-4B43-8EDF-978631AC5F30}.Debug|Any CPU.Build.0 = Debug|Any CPU
		{52595595-ECEB-4B43-8EDF-978631AC5F30}.Release|Any CPU.ActiveCfg = Release|Any CPU
		{52595595-ECEB-4B43-8EDF-978631AC5F30}.Release|Any CPU.Build.0 = Release|Any CPU
		{EF4AF3BD-532B-4BE0-9287-16428F97A2CF}.Debug|Any CPU.ActiveCfg = Debug|Any CPU
		{EF4AF3BD-532B-4BE0-9287-16428F97A2CF}.Debug|Any CPU.Build.0 = Debug|Any CPU
		{EF4AF3BD-532B-4BE0-9287-16428F97A2CF}.Release|Any CPU.ActiveCfg = Release|Any CPU
		{EF4AF3BD-532B-4BE0-9287-16428F97A2CF}.Release|Any CPU.Build.0 = Release|Any CPU
	EndGlobalSection
	GlobalSection(SolutionProperties) = preSolution
		HideSolutionNode = FALSE
	EndGlobalSection
	GlobalSection(ExtensibilityGlobals) = postSolution
		SolutionGuid = {86794DB0-25CB-4F39-B9AD-A5882CA48B80}
	EndGlobalSection
EndGlobal
